{
  "version": 4,
  "terraform_version": "1.3.6",
  "serial": 108,
  "lineage": "6d2dae76-958e-19ed-de26-7d8285eda4cc",
  "outputs": {},
  "resources": [
    {
      "mode": "data",
      "type": "google_billing_account",
      "name": "account",
      "provider": "provider[\"registry.terraform.io/hashicorp/google\"]",
      "instances": [
        {
          "schema_version": 0,
          "attributes": {
            "billing_account": null,
            "display_name": "Kaneels Billing Account",
            "id": "01A023-1C9B48-05B50D",
            "name": "billingAccounts/01A023-1C9B48-05B50D",
            "open": true,
            "project_ids": [
              "stock-screener-6336",
              "testing-sheets-329420"
            ]
          },
          "sensitive_attributes": []
        }
      ]
    },
    {
      "mode": "managed",
      "type": "google_project",
      "name": "project",
      "provider": "provider[\"registry.terraform.io/hashicorp/google\"]",
      "instances": [
        {
          "schema_version": 1,
          "attributes": {
            "auto_create_network": true,
            "billing_account": "01A023-1C9B48-05B50D",
            "folder_id": null,
            "id": "projects/stock-screener-6336",
            "labels": {},
            "name": "stock-screener-6336",
            "number": "482472723187",
            "org_id": null,
            "project_id": "stock-screener-6336",
            "skip_delete": null,
            "timeouts": null
          },
          "sensitive_attributes": [],
          "private": "eyJlMmJmYjczMC1lY2FhLTExZTYtOGY4OC0zNDM2M2JjN2M0YzAiOnsiY3JlYXRlIjo2MDAwMDAwMDAwMDAsImRlbGV0ZSI6NjAwMDAwMDAwMDAwLCJyZWFkIjo2MDAwMDAwMDAwMDAsInVwZGF0ZSI6NjAwMDAwMDAwMDAwfSwic2NoZW1hX3ZlcnNpb24iOiIxIn0=",
          "dependencies": [
            "data.google_billing_account.account",
            "random_id.id"
          ]
        }
      ]
    },
    {
      "mode": "managed",
      "type": "google_project_iam_member",
      "name": "project_owner",
      "provider": "provider[\"registry.terraform.io/hashicorp/google\"]",
      "instances": [
        {
          "schema_version": 0,
          "attributes": {
            "condition": [],
            "etag": "BwXw/ljV8bE=",
            "id": "stock-screener-6336/roles/owner/user:kaneel.senevirathne@gmail.com",
            "member": "user:kaneel.senevirathne@gmail.com",
            "project": "stock-screener-6336",
            "role": "roles/owner"
          },
          "sensitive_attributes": [],
          "private": "bnVsbA==",
          "dependencies": [
            "data.google_billing_account.account",
            "google_project.project",
            "random_id.id"
          ]
        }
      ]
    },
    {
      "mode": "managed",
      "type": "random_id",
      "name": "id",
      "provider": "provider[\"registry.terraform.io/hashicorp/random\"]",
      "instances": [
        {
          "schema_version": 0,
          "attributes": {
            "b64_std": "YzY=",
            "b64_url": "YzY",
            "byte_length": 2,
            "dec": "25398",
            "hex": "6336",
            "id": "YzY",
            "keepers": null,
            "prefix": null
          },
          "sensitive_attributes": []
        }
      ]
    }
  ],
  "check_results": null
}
